
Microsoft Visual Studio Solution File, Format Version 12.00
# Visual Studio Version 17
VisualStudioVersion = 17.8.34330.188
MinimumVisualStudioVersion = 10.0.40219.1
Project("{FAE04EC0-301F-11D3-BF4B-00C04F79EFBC}") = "CorporatePortal", "CorporatePortal.csproj", "{7C9E6B87-3A05-4883-8A99-5AFEB6B1F2BC}"
EndProject
Global
	GlobalSection(SolutionConfigurationPlatforms) = preSolution
		Debug|Any CPU = Debug|Any CPU
		Release|Any CPU = Release|Any CPU
	EndGlobalSection
	GlobalSection(ProjectConfigurationPlatforms) = postSolution
		{7C9E6B87-3A05-4883-8A99-5AFEB6B1F2BC}.Debug|Any CPU.ActiveCfg = Debug|Any CPU
		{7C9E6B87-3A05-4883-8A99-5AFEB6B1F2BC}.Debug|Any CPU.Build.0 = Debug|Any CPU
		{7C9E6B87-3A05-4883-8A99-5AFEB6B1F2BC}.Release|Any CPU.ActiveCfg = Release|Any CPU
		{7C9E6B87-3A05-4883-8A99-5AFEB6B1F2BC}.Release|Any CPU.Build.0 = Release|Any CPU
	EndGlobalSection
	GlobalSection(SolutionProperties) = preSolution
		HideSolutionNode = FALSE
	EndGlobalSection
	GlobalSection(ExtensibilityGlobals) = postSolution
		SolutionGuid = {9F8DEA09-677F-4D7E-A9D8-C3B46D73257E}
	EndGlobalSection
EndGlobal
